// !$*UTF8*$!
{
	archiveVersion = 1;
	classes = {
	};
	objectVersion = 55;
	objects = {

/* Begin PBXBuildFile section */
		328CEB4C2818FBB600FD8DE6 /* AppDelegate.swift in Sources */ = {isa = PBXBuildFile; fileRef = 328CEB4B2818FBB600FD8DE6 /* AppDelegate.swift */; };
		328CEB4E2818FBB600FD8DE6 /* SceneDelegate.swift in Sources */ = {isa = PBXBuildFile; fileRef = 328CEB4D2818FBB600FD8DE6 /* SceneDelegate.swift */; };
		328CEB502818FBB600FD8DE6 /* AccountsVC.swift in Sources */ = {isa = PBXBuildFile; fileRef = 328CEB4F2818FBB600FD8DE6 /* AccountsVC.swift */; };
		328CEB532818FBB600FD8DE6 /* Main.storyboard in Resources */ = {isa = PBXBuildFile; fileRef = 328CEB512818FBB600FD8DE6 /* Main.storyboard */; };
		328CEB562818FBB600FD8DE6 /* tumbuh.xcdatamodeld in Sources */ = {isa = PBXBuildFile; fileRef = 328CEB542818FBB600FD8DE6 /* tumbuh.xcdatamodeld */; };
		328CEB582818FBB700FD8DE6 /* Assets.xcassets in Resources */ = {isa = PBXBuildFile; fileRef = 328CEB572818FBB700FD8DE6 /* Assets.xcassets */; };
		328CEB5B2818FBB700FD8DE6 /* LaunchScreen.storyboard in Resources */ = {isa = PBXBuildFile; fileRef = 328CEB592818FBB700FD8DE6 /* LaunchScreen.storyboard */; };
		328CEB662818FBB700FD8DE6 /* tumbuhTests.swift in Sources */ = {isa = PBXBuildFile; fileRef = 328CEB652818FBB700FD8DE6 /* tumbuhTests.swift */; };
		328CEB702818FBB700FD8DE6 /* tumbuhUITests.swift in Sources */ = {isa = PBXBuildFile; fileRef = 328CEB6F2818FBB700FD8DE6 /* tumbuhUITests.swift */; };
		328CEB722818FBB700FD8DE6 /* tumbuhUITestsLaunchTests.swift in Sources */ = {isa = PBXBuildFile; fileRef = 328CEB712818FBB700FD8DE6 /* tumbuhUITestsLaunchTests.swift */; };
		328CEB7F2819F3A100FD8DE6 /* SummaryVC.swift in Sources */ = {isa = PBXBuildFile; fileRef = 328CEB7E2819F3A100FD8DE6 /* SummaryVC.swift */; };
		328CEB812819F3B300FD8DE6 /* GoalsVC.swift in Sources */ = {isa = PBXBuildFile; fileRef = 328CEB802819F3B300FD8DE6 /* GoalsVC.swift */; };
		328CEB832819F3C500FD8DE6 /* DetailVC.swift in Sources */ = {isa = PBXBuildFile; fileRef = 328CEB822819F3C500FD8DE6 /* DetailVC.swift */; };
		32C06A5F2824D3D00016632F /* GoalListItemCell.swift in Sources */ = {isa = PBXBuildFile; fileRef = 32C06A5D2824D3D00016632F /* GoalListItemCell.swift */; };
		32C06A602824D3D00016632F /* GoalListItemCell.xib in Resources */ = {isa = PBXBuildFile; fileRef = 32C06A5E2824D3D00016632F /* GoalListItemCell.xib */; };
		32C06A6228266C820016632F /* GroupedSection.swift in Sources */ = {isa = PBXBuildFile; fileRef = 32C06A6128266C820016632F /* GroupedSection.swift */; };
		32C13A6E281AE65400DB114E /* SummaryHeaderCell.swift in Sources */ = {isa = PBXBuildFile; fileRef = 32C13A6C281AE65400DB114E /* SummaryHeaderCell.swift */; };
		32C13A6F281AE65400DB114E /* SummaryHeaderCell.xib in Resources */ = {isa = PBXBuildFile; fileRef = 32C13A6D281AE65400DB114E /* SummaryHeaderCell.xib */; };
		32C13A73281AEACD00DB114E /* GoalsSummaryCell.swift in Sources */ = {isa = PBXBuildFile; fileRef = 32C13A71281AEACD00DB114E /* GoalsSummaryCell.swift */; };
		32C13A74281AEACD00DB114E /* GoalsSummaryCell.xib in Resources */ = {isa = PBXBuildFile; fileRef = 32C13A72281AEACD00DB114E /* GoalsSummaryCell.xib */; };
		32C13A77281AECAE00DB114E /* GoalSummaryItemCell.swift in Sources */ = {isa = PBXBuildFile; fileRef = 32C13A75281AECAE00DB114E /* GoalSummaryItemCell.swift */; };
		32C13A78281AECAE00DB114E /* GoalSummaryItemCell.xib in Resources */ = {isa = PBXBuildFile; fileRef = 32C13A76281AECAE00DB114E /* GoalSummaryItemCell.xib */; };
		32C13A7B281AF4FF00DB114E /* Goal.swift in Sources */ = {isa = PBXBuildFile; fileRef = 32C13A7A281AF4FF00DB114E /* Goal.swift */; };
		32C13A7D281AF51200DB114E /* Account.swift in Sources */ = {isa = PBXBuildFile; fileRef = 32C13A7C281AF51200DB114E /* Account.swift */; };
		32C13A7F281AF51E00DB114E /* Category.swift in Sources */ = {isa = PBXBuildFile; fileRef = 32C13A7E281AF51E00DB114E /* Category.swift */; };
		32C13A81281AF53200DB114E /* Transaction.swift in Sources */ = {isa = PBXBuildFile; fileRef = 32C13A80281AF53200DB114E /* Transaction.swift */; };
		32C13A8A281B5DCC00DB114E /* AccountSummaryCell.swift in Sources */ = {isa = PBXBuildFile; fileRef = 32C13A88281B5DCC00DB114E /* AccountSummaryCell.swift */; };
		32C13A8B281B5DCC00DB114E /* AccountSummaryCell.xib in Resources */ = {isa = PBXBuildFile; fileRef = 32C13A89281B5DCC00DB114E /* AccountSummaryCell.xib */; };
		32C13A90281B62B700DB114E /* AccountItemCell.swift in Sources */ = {isa = PBXBuildFile; fileRef = 32C13A8E281B62B700DB114E /* AccountItemCell.swift */; };
		32C13A91281B62B700DB114E /* AccountItemCell.xib in Resources */ = {isa = PBXBuildFile; fileRef = 32C13A8F281B62B700DB114E /* AccountItemCell.xib */; };
		32C13A95281B6B0800DB114E /* Utils.swift in Sources */ = {isa = PBXBuildFile; fileRef = 32C13A94281B6B0800DB114E /* Utils.swift */; };
/* End PBXBuildFile section */

/* Begin PBXContainerItemProxy section */
		328CEB622818FBB700FD8DE6 /* PBXContainerItemProxy */ = {
			isa = PBXContainerItemProxy;
			containerPortal = 328CEB402818FBB600FD8DE6 /* Project object */;
			proxyType = 1;
			remoteGlobalIDString = 328CEB472818FBB600FD8DE6;
			remoteInfo = tumbuh;
		};
		328CEB6C2818FBB700FD8DE6 /* PBXContainerItemProxy */ = {
			isa = PBXContainerItemProxy;
			containerPortal = 328CEB402818FBB600FD8DE6 /* Project object */;
			proxyType = 1;
			remoteGlobalIDString = 328CEB472818FBB600FD8DE6;
			remoteInfo = tumbuh;
		};
/* End PBXContainerItemProxy section */

/* Begin PBXFileReference section */
		328CEB482818FBB600FD8DE6 /* tumbuh.app */ = {isa = PBXFileReference; explicitFileType = wrapper.application; includeInIndex = 0; path = tumbuh.app; sourceTree = BUILT_PRODUCTS_DIR; };
		328CEB4B2818FBB600FD8DE6 /* AppDelegate.swift */ = {isa = PBXFileReference; lastKnownFileType = sourcecode.swift; path = AppDelegate.swift; sourceTree = "<group>"; };
		328CEB4D2818FBB600FD8DE6 /* SceneDelegate.swift */ = {isa = PBXFileReference; lastKnownFileType = sourcecode.swift; path = SceneDelegate.swift; sourceTree = "<group>"; };
		328CEB4F2818FBB600FD8DE6 /* AccountsVC.swift */ = {isa = PBXFileReference; lastKnownFileType = sourcecode.swift; path = AccountsVC.swift; sourceTree = "<group>"; };
		328CEB522818FBB600FD8DE6 /* Base */ = {isa = PBXFileReference; lastKnownFileType = file.storyboard; name = Base; path = Base.lproj/Main.storyboard; sourceTree = "<group>"; };
		328CEB552818FBB600FD8DE6 /* tumbuh.xcdatamodel */ = {isa = PBXFileReference; lastKnownFileType = wrapper.xcdatamodel; path = tumbuh.xcdatamodel; sourceTree = "<group>"; };
		328CEB572818FBB700FD8DE6 /* Assets.xcassets */ = {isa = PBXFileReference; lastKnownFileType = folder.assetcatalog; path = Assets.xcassets; sourceTree = "<group>"; };
		328CEB5A2818FBB700FD8DE6 /* Base */ = {isa = PBXFileReference; lastKnownFileType = file.storyboard; name = Base; path = Base.lproj/LaunchScreen.storyboard; sourceTree = "<group>"; };
		328CEB5C2818FBB700FD8DE6 /* Info.plist */ = {isa = PBXFileReference; lastKnownFileType = text.plist.xml; path = Info.plist; sourceTree = "<group>"; };
		328CEB612818FBB700FD8DE6 /* tumbuhTests.xctest */ = {isa = PBXFileReference; explicitFileType = wrapper.cfbundle; includeInIndex = 0; path = tumbuhTests.xctest; sourceTree = BUILT_PRODUCTS_DIR; };
		328CEB652818FBB700FD8DE6 /* tumbuhTests.swift */ = {isa = PBXFileReference; lastKnownFileType = sourcecode.swift; path = tumbuhTests.swift; sourceTree = "<group>"; };
		328CEB6B2818FBB700FD8DE6 /* tumbuhUITests.xctest */ = {isa = PBXFileReference; explicitFileType = wrapper.cfbundle; includeInIndex = 0; path = tumbuhUITests.xctest; sourceTree = BUILT_PRODUCTS_DIR; };
		328CEB6F2818FBB700FD8DE6 /* tumbuhUITests.swift */ = {isa = PBXFileReference; lastKnownFileType = sourcecode.swift; path = tumbuhUITests.swift; sourceTree = "<group>"; };
		328CEB712818FBB700FD8DE6 /* tumbuhUITestsLaunchTests.swift */ = {isa = PBXFileReference; lastKnownFileType = sourcecode.swift; path = tumbuhUITestsLaunchTests.swift; sourceTree = "<group>"; };
		328CEB7E2819F3A100FD8DE6 /* SummaryVC.swift */ = {isa = PBXFileReference; lastKnownFileType = sourcecode.swift; path = SummaryVC.swift; sourceTree = "<group>"; };
		328CEB802819F3B300FD8DE6 /* GoalsVC.swift */ = {isa = PBXFileReference; lastKnownFileType = sourcecode.swift; path = GoalsVC.swift; sourceTree = "<group>"; };
		328CEB822819F3C500FD8DE6 /* DetailVC.swift */ = {isa = PBXFileReference; lastKnownFileType = sourcecode.swift; path = DetailVC.swift; sourceTree = "<group>"; };
		32C06A5D2824D3D00016632F /* GoalListItemCell.swift */ = {isa = PBXFileReference; lastKnownFileType = sourcecode.swift; path = GoalListItemCell.swift; sourceTree = "<group>"; };
		32C06A5E2824D3D00016632F /* GoalListItemCell.xib */ = {isa = PBXFileReference; lastKnownFileType = file.xib; path = GoalListItemCell.xib; sourceTree = "<group>"; };
		32C06A6128266C820016632F /* GroupedSection.swift */ = {isa = PBXFileReference; lastKnownFileType = sourcecode.swift; path = GroupedSection.swift; sourceTree = "<group>"; };
		32C13A6C281AE65400DB114E /* SummaryHeaderCell.swift */ = {isa = PBXFileReference; lastKnownFileType = sourcecode.swift; path = SummaryHeaderCell.swift; sourceTree = "<group>"; };
		32C13A6D281AE65400DB114E /* SummaryHeaderCell.xib */ = {isa = PBXFileReference; lastKnownFileType = file.xib; path = SummaryHeaderCell.xib; sourceTree = "<group>"; };
		32C13A71281AEACD00DB114E /* GoalsSummaryCell.swift */ = {isa = PBXFileReference; lastKnownFileType = sourcecode.swift; path = GoalsSummaryCell.swift; sourceTree = "<group>"; };
		32C13A72281AEACD00DB114E /* GoalsSummaryCell.xib */ = {isa = PBXFileReference; lastKnownFileType = file.xib; path = GoalsSummaryCell.xib; sourceTree = "<group>"; };
		32C13A75281AECAE00DB114E /* GoalSummaryItemCell.swift */ = {isa = PBXFileReference; lastKnownFileType = sourcecode.swift; path = GoalSummaryItemCell.swift; sourceTree = "<group>"; };
		32C13A76281AECAE00DB114E /* GoalSummaryItemCell.xib */ = {isa = PBXFileReference; lastKnownFileType = file.xib; path = GoalSummaryItemCell.xib; sourceTree = "<group>"; };
		32C13A7A281AF4FF00DB114E /* Goal.swift */ = {isa = PBXFileReference; lastKnownFileType = sourcecode.swift; path = Goal.swift; sourceTree = "<group>"; };
		32C13A7C281AF51200DB114E /* Account.swift */ = {isa = PBXFileReference; lastKnownFileType = sourcecode.swift; path = Account.swift; sourceTree = "<group>"; };
		32C13A7E281AF51E00DB114E /* Category.swift */ = {isa = PBXFileReference; lastKnownFileType = sourcecode.swift; path = Category.swift; sourceTree = "<group>"; };
		32C13A80281AF53200DB114E /* Transaction.swift */ = {isa = PBXFileReference; lastKnownFileType = sourcecode.swift; path = Transaction.swift; sourceTree = "<group>"; };
		32C13A88281B5DCC00DB114E /* AccountSummaryCell.swift */ = {isa = PBXFileReference; lastKnownFileType = sourcecode.swift; path = AccountSummaryCell.swift; sourceTree = "<group>"; };
		32C13A89281B5DCC00DB114E /* AccountSummaryCell.xib */ = {isa = PBXFileReference; lastKnownFileType = file.xib; path = AccountSummaryCell.xib; sourceTree = "<group>"; };
		32C13A8E281B62B700DB114E /* AccountItemCell.swift */ = {isa = PBXFileReference; lastKnownFileType = sourcecode.swift; path = AccountItemCell.swift; sourceTree = "<group>"; };
		32C13A8F281B62B700DB114E /* AccountItemCell.xib */ = {isa = PBXFileReference; lastKnownFileType = file.xib; path = AccountItemCell.xib; sourceTree = "<group>"; };
		32C13A94281B6B0800DB114E /* Utils.swift */ = {isa = PBXFileReference; lastKnownFileType = sourcecode.swift; path = Utils.swift; sourceTree = "<group>"; };
/* End PBXFileReference section */

/* Begin PBXFrameworksBuildPhase section */
		328CEB452818FBB600FD8DE6 /* Frameworks */ = {
			isa = PBXFrameworksBuildPhase;
			buildActionMask = 2147483647;
			files = (
			);
			runOnlyForDeploymentPostprocessing = 0;
		};
		328CEB5E2818FBB700FD8DE6 /* Frameworks */ = {
			isa = PBXFrameworksBuildPhase;
			buildActionMask = 2147483647;
			files = (
			);
			runOnlyForDeploymentPostprocessing = 0;
		};
		328CEB682818FBB700FD8DE6 /* Frameworks */ = {
			isa = PBXFrameworksBuildPhase;
			buildActionMask = 2147483647;
			files = (
			);
			runOnlyForDeploymentPostprocessing = 0;
		};
/* End PBXFrameworksBuildPhase section */

/* Begin PBXGroup section */
		328CEB3F2818FBB600FD8DE6 = {
			isa = PBXGroup;
			children = (
				328CEB4A2818FBB600FD8DE6 /* tumbuh */,
				328CEB642818FBB700FD8DE6 /* tumbuhTests */,
				328CEB6E2818FBB700FD8DE6 /* tumbuhUITests */,
				328CEB492818FBB600FD8DE6 /* Products */,
			);
			sourceTree = "<group>";
		};
		328CEB492818FBB600FD8DE6 /* Products */ = {
			isa = PBXGroup;
			children = (
				328CEB482818FBB600FD8DE6 /* tumbuh.app */,
				328CEB612818FBB700FD8DE6 /* tumbuhTests.xctest */,
				328CEB6B2818FBB700FD8DE6 /* tumbuhUITests.xctest */,
			);
			name = Products;
			sourceTree = "<group>";
		};
		328CEB4A2818FBB600FD8DE6 /* tumbuh */ = {
			isa = PBXGroup;
			children = (
				32C13A93281B6AFB00DB114E /* Utils */,
				328CEB4B2818FBB600FD8DE6 /* AppDelegate.swift */,
				328CEB4D2818FBB600FD8DE6 /* SceneDelegate.swift */,
				32C13A79281AF40F00DB114E /* Models */,
				32C13A85281B55F800DB114E /* View */,
				32C13A84281B55E600DB114E /* Controller */,
				328CEB512818FBB600FD8DE6 /* Main.storyboard */,
				328CEB572818FBB700FD8DE6 /* Assets.xcassets */,
				328CEB592818FBB700FD8DE6 /* LaunchScreen.storyboard */,
				328CEB5C2818FBB700FD8DE6 /* Info.plist */,
				328CEB542818FBB600FD8DE6 /* tumbuh.xcdatamodeld */,
			);
			path = tumbuh;
			sourceTree = "<group>";
		};
		328CEB642818FBB700FD8DE6 /* tumbuhTests */ = {
			isa = PBXGroup;
			children = (
				328CEB652818FBB700FD8DE6 /* tumbuhTests.swift */,
			);
			path = tumbuhTests;
			sourceTree = "<group>";
		};
		328CEB6E2818FBB700FD8DE6 /* tumbuhUITests */ = {
			isa = PBXGroup;
			children = (
				328CEB6F2818FBB700FD8DE6 /* tumbuhUITests.swift */,
				328CEB712818FBB700FD8DE6 /* tumbuhUITestsLaunchTests.swift */,
			);
			path = tumbuhUITests;
			sourceTree = "<group>";
		};
		328CEB85281A51EE00FD8DE6 /* Goals */ = {
			isa = PBXGroup;
			children = (
				32C06A5D2824D3D00016632F /* GoalListItemCell.swift */,
				32C13A71281AEACD00DB114E /* GoalsSummaryCell.swift */,
				32C13A75281AECAE00DB114E /* GoalSummaryItemCell.swift */,
			);
			path = Goals;
			sourceTree = "<group>";
		};
		328CEB86281A51FF00FD8DE6 /* Accounts */ = {
			isa = PBXGroup;
			children = (
				32C13A88281B5DCC00DB114E /* AccountSummaryCell.swift */,
				32C13A8E281B62B700DB114E /* AccountItemCell.swift */,
			);
			path = Accounts;
			sourceTree = "<group>";
		};
		328CEB87281A522700FD8DE6 /* Detail */ = {
			isa = PBXGroup;
			children = (
			);
			path = Detail;
			sourceTree = "<group>";
		};
		32C06A5C2824D3A80016632F /* Goal */ = {
			isa = PBXGroup;
			children = (
				32C06A5E2824D3D00016632F /* GoalListItemCell.xib */,
				32C13A72281AEACD00DB114E /* GoalsSummaryCell.xib */,
				32C13A76281AECAE00DB114E /* GoalSummaryItemCell.xib */,
			);
			path = Goal;
			sourceTree = "<group>";
		};
		32C13A79281AF40F00DB114E /* Models */ = {
			isa = PBXGroup;
			children = (
				32C13A7A281AF4FF00DB114E /* Goal.swift */,
				32C13A7C281AF51200DB114E /* Account.swift */,
				32C13A7E281AF51E00DB114E /* Category.swift */,
				32C13A80281AF53200DB114E /* Transaction.swift */,
			);
			path = Models;
			sourceTree = "<group>";
		};
		32C13A84281B55E600DB114E /* Controller */ = {
			isa = PBXGroup;
			children = (
				32C13A97281B986D00DB114E /* Cell */,
				328CEB7E2819F3A100FD8DE6 /* SummaryVC.swift */,
				328CEB802819F3B300FD8DE6 /* GoalsVC.swift */,
				328CEB4F2818FBB600FD8DE6 /* AccountsVC.swift */,
				328CEB822819F3C500FD8DE6 /* DetailVC.swift */,
			);
			path = Controller;
			sourceTree = "<group>";
		};
		32C13A85281B55F800DB114E /* View */ = {
			isa = PBXGroup;
			children = (
				32C13A96281B981100DB114E /* Cell */,
			);
			path = View;
			sourceTree = "<group>";
		};
		32C13A86281B564600DB114E /* Summary */ = {
			isa = PBXGroup;
			children = (
				32C13A6D281AE65400DB114E /* SummaryHeaderCell.xib */,
			);
			path = Summary;
			sourceTree = "<group>";
		};
		32C13A8C281B628000DB114E /* Account */ = {
			isa = PBXGroup;
			children = (
				32C13A89281B5DCC00DB114E /* AccountSummaryCell.xib */,
				32C13A8F281B62B700DB114E /* AccountItemCell.xib */,
			);
			path = Account;
			sourceTree = "<group>";
		};
		32C13A93281B6AFB00DB114E /* Utils */ = {
			isa = PBXGroup;
			children = (
				32C13A94281B6B0800DB114E /* Utils.swift */,
				32C06A6128266C820016632F /* GroupedSection.swift */,
			);
			path = Utils;
			sourceTree = "<group>";
		};
		32C13A96281B981100DB114E /* Cell */ = {
			isa = PBXGroup;
			children = (
				32C06A5C2824D3A80016632F /* Goal */,
				32C13A8C281B628000DB114E /* Account */,
				32C13A86281B564600DB114E /* Summary */,
			);
			path = Cell;
			sourceTree = "<group>";
		};
		32C13A97281B986D00DB114E /* Cell */ = {
			isa = PBXGroup;
			children = (
				32C13A98281B988400DB114E /* Summary */,
				328CEB85281A51EE00FD8DE6 /* Goals */,
				328CEB86281A51FF00FD8DE6 /* Accounts */,
				328CEB87281A522700FD8DE6 /* Detail */,
			);
			path = Cell;
			sourceTree = "<group>";
		};
		32C13A98281B988400DB114E /* Summary */ = {
			isa = PBXGroup;
			children = (
				32C13A6C281AE65400DB114E /* SummaryHeaderCell.swift */,
			);
			path = Summary;
			sourceTree = "<group>";
		};
/* End PBXGroup section */

/* Begin PBXNativeTarget section */
		328CEB472818FBB600FD8DE6 /* tumbuh */ = {
			isa = PBXNativeTarget;
			buildConfigurationList = 328CEB752818FBB700FD8DE6 /* Build configuration list for PBXNativeTarget "tumbuh" */;
			buildPhases = (
				328CEB442818FBB600FD8DE6 /* Sources */,
				328CEB452818FBB600FD8DE6 /* Frameworks */,
				328CEB462818FBB600FD8DE6 /* Resources */,
			);
			buildRules = (
			);
			dependencies = (
			);
			name = tumbuh;
			productName = tumbuh;
			productReference = 328CEB482818FBB600FD8DE6 /* tumbuh.app */;
			productType = "com.apple.product-type.application";
		};
		328CEB602818FBB700FD8DE6 /* tumbuhTests */ = {
			isa = PBXNativeTarget;
			buildConfigurationList = 328CEB782818FBB700FD8DE6 /* Build configuration list for PBXNativeTarget "tumbuhTests" */;
			buildPhases = (
				328CEB5D2818FBB700FD8DE6 /* Sources */,
				328CEB5E2818FBB700FD8DE6 /* Frameworks */,
				328CEB5F2818FBB700FD8DE6 /* Resources */,
			);
			buildRules = (
			);
			dependencies = (
				328CEB632818FBB700FD8DE6 /* PBXTargetDependency */,
			);
			name = tumbuhTests;
			productName = tumbuhTests;
			productReference = 328CEB612818FBB700FD8DE6 /* tumbuhTests.xctest */;
			productType = "com.apple.product-type.bundle.unit-test";
		};
		328CEB6A2818FBB700FD8DE6 /* tumbuhUITests */ = {
			isa = PBXNativeTarget;
			buildConfigurationList = 328CEB7B2818FBB700FD8DE6 /* Build configuration list for PBXNativeTarget "tumbuhUITests" */;
			buildPhases = (
				328CEB672818FBB700FD8DE6 /* Sources */,
				328CEB682818FBB700FD8DE6 /* Frameworks */,
				328CEB692818FBB700FD8DE6 /* Resources */,
			);
			buildRules = (
			);
			dependencies = (
				328CEB6D2818FBB700FD8DE6 /* PBXTargetDependency */,
			);
			name = tumbuhUITests;
			productName = tumbuhUITests;
			productReference = 328CEB6B2818FBB700FD8DE6 /* tumbuhUITests.xctest */;
			productType = "com.apple.product-type.bundle.ui-testing";
		};
/* End PBXNativeTarget section */

/* Begin PBXProject section */
		328CEB402818FBB600FD8DE6 /* Project object */ = {
			isa = PBXProject;
			attributes = {
				BuildIndependentTargetsInParallel = 1;
				LastSwiftUpdateCheck = 1320;
				LastUpgradeCheck = 1320;
				TargetAttributes = {
					328CEB472818FBB600FD8DE6 = {
						CreatedOnToolsVersion = 13.2.1;
					};
					328CEB602818FBB700FD8DE6 = {
						CreatedOnToolsVersion = 13.2.1;
						TestTargetID = 328CEB472818FBB600FD8DE6;
					};
					328CEB6A2818FBB700FD8DE6 = {
						CreatedOnToolsVersion = 13.2.1;
						TestTargetID = 328CEB472818FBB600FD8DE6;
					};
				};
			};
			buildConfigurationList = 328CEB432818FBB600FD8DE6 /* Build configuration list for PBXProject "tumbuh" */;
			compatibilityVersion = "Xcode 13.0";
			developmentRegion = en;
			hasScannedForEncodings = 0;
			knownRegions = (
				en,
				Base,
			);
			mainGroup = 328CEB3F2818FBB600FD8DE6;
			productRefGroup = 328CEB492818FBB600FD8DE6 /* Products */;
			projectDirPath = "";
			projectRoot = "";
			targets = (
				328CEB472818FBB600FD8DE6 /* tumbuh */,
				328CEB602818FBB700FD8DE6 /* tumbuhTests */,
				328CEB6A2818FBB700FD8DE6 /* tumbuhUITests */,
			);
		};
/* End PBXProject section */

/* Begin PBXResourcesBuildPhase section */
		328CEB462818FBB600FD8DE6 /* Resources */ = {
			isa = PBXResourcesBuildPhase;
			buildActionMask = 2147483647;
			files = (
				32C13A91281B62B700DB114E /* AccountItemCell.xib in Resources */,
				32C13A8B281B5DCC00DB114E /* AccountSummaryCell.xib in Resources */,
				32C13A78281AECAE00DB114E /* GoalSummaryItemCell.xib in Resources */,
				328CEB5B2818FBB700FD8DE6 /* LaunchScreen.storyboard in Resources */,
				32C13A6F281AE65400DB114E /* SummaryHeaderCell.xib in Resources */,
				32C06A602824D3D00016632F /* GoalListItemCell.xib in Resources */,
				328CEB582818FBB700FD8DE6 /* Assets.xcassets in Resources */,
				328CEB532818FBB600FD8DE6 /* Main.storyboard in Resources */,
				32C13A74281AEACD00DB114E /* GoalsSummaryCell.xib in Resources */,
			);
			runOnlyForDeploymentPostprocessing = 0;
		};
		328CEB5F2818FBB700FD8DE6 /* Resources */ = {
			isa = PBXResourcesBuildPhase;
			buildActionMask = 2147483647;
			files = (
			);
			runOnlyForDeploymentPostprocessing = 0;
		};
		328CEB692818FBB700FD8DE6 /* Resources */ = {
			isa = PBXResourcesBuildPhase;
			buildActionMask = 2147483647;
			files = (
			);
			runOnlyForDeploymentPostprocessing = 0;
		};
/* End PBXResourcesBuildPhase section */

/* Begin PBXSourcesBuildPhase section */
		328CEB442818FBB600FD8DE6 /* Sources */ = {
			isa = PBXSourcesBuildPhase;
			buildActionMask = 2147483647;
			files = (
				32C13A81281AF53200DB114E /* Transaction.swift in Sources */,
				32C13A77281AECAE00DB114E /* GoalSummaryItemCell.swift in Sources */,
				328CEB7F2819F3A100FD8DE6 /* SummaryVC.swift in Sources */,
				32C13A6E281AE65400DB114E /* SummaryHeaderCell.swift in Sources */,
				32C13A73281AEACD00DB114E /* GoalsSummaryCell.swift in Sources */,
				328CEB562818FBB600FD8DE6 /* tumbuh.xcdatamodeld in Sources */,
				32C13A8A281B5DCC00DB114E /* AccountSummaryCell.swift in Sources */,
				32C06A6228266C820016632F /* GroupedSection.swift in Sources */,
				32C13A7D281AF51200DB114E /* Account.swift in Sources */,
				328CEB502818FBB600FD8DE6 /* AccountsVC.swift in Sources */,
				32C13A7B281AF4FF00DB114E /* Goal.swift in Sources */,
				328CEB812819F3B300FD8DE6 /* GoalsVC.swift in Sources */,
				32C13A95281B6B0800DB114E /* Utils.swift in Sources */,
				32C13A7F281AF51E00DB114E /* Category.swift in Sources */,
				32C13A90281B62B700DB114E /* AccountItemCell.swift in Sources */,
				328CEB4C2818FBB600FD8DE6 /* AppDelegate.swift in Sources */,
				328CEB4E2818FBB600FD8DE6 /* SceneDelegate.swift in Sources */,
				328CEB832819F3C500FD8DE6 /* DetailVC.swift in Sources */,
				32C06A5F2824D3D00016632F /* GoalListItemCell.swift in Sources */,
			);
			runOnlyForDeploymentPostprocessing = 0;
		};
		328CEB5D2818FBB700FD8DE6 /* Sources */ = {
			isa = PBXSourcesBuildPhase;
			buildActionMask = 2147483647;
			files = (
				328CEB662818FBB700FD8DE6 /* tumbuhTests.swift in Sources */,
			);
			runOnlyForDeploymentPostprocessing = 0;
		};
		328CEB672818FBB700FD8DE6 /* Sources */ = {
			isa = PBXSourcesBuildPhase;
			buildActionMask = 2147483647;
			files = (
				328CEB702818FBB700FD8DE6 /* tumbuhUITests.swift in Sources */,
				328CEB722818FBB700FD8DE6 /* tumbuhUITestsLaunchTests.swift in Sources */,
			);
			runOnlyForDeploymentPostprocessing = 0;
		};
/* End PBXSourcesBuildPhase section */

/* Begin PBXTargetDependency section */
		328CEB632818FBB700FD8DE6 /* PBXTargetDependency */ = {
			isa = PBXTargetDependency;
			target = 328CEB472818FBB600FD8DE6 /* tumbuh */;
			targetProxy = 328CEB622818FBB700FD8DE6 /* PBXContainerItemProxy */;
		};
		328CEB6D2818FBB700FD8DE6 /* PBXTargetDependency */ = {
			isa = PBXTargetDependency;
			target = 328CEB472818FBB600FD8DE6 /* tumbuh */;
			targetProxy = 328CEB6C2818FBB700FD8DE6 /* PBXContainerItemProxy */;
		};
/* End PBXTargetDependency section */

/* Begin PBXVariantGroup section */
		328CEB512818FBB600FD8DE6 /* Main.storyboard */ = {
			isa = PBXVariantGroup;
			children = (
				328CEB522818FBB600FD8DE6 /* Base */,
			);
			name = Main.storyboard;
			sourceTree = "<group>";
		};
		328CEB592818FBB700FD8DE6 /* LaunchScreen.storyboard */ = {
			isa = PBXVariantGroup;
			children = (
				328CEB5A2818FBB700FD8DE6 /* Base */,
			);
			name = LaunchScreen.storyboard;
			sourceTree = "<group>";
		};
/* End PBXVariantGroup section */

/* Begin XCBuildConfiguration section */
		328CEB732818FBB700FD8DE6 /* Debug */ = {
			isa = XCBuildConfiguration;
			buildSettings = {
				ALWAYS_SEARCH_USER_PATHS = NO;
				CLANG_ANALYZER_NONNULL = YES;
				CLANG_ANALYZER_NUMBER_OBJECT_CONVERSION = YES_AGGRESSIVE;
				CLANG_CXX_LANGUAGE_STANDARD = "gnu++17";
				CLANG_CXX_LIBRARY = "libc++";
				CLANG_ENABLE_MODULES = YES;
				CLANG_ENABLE_OBJC_ARC = YES;
				CLANG_ENABLE_OBJC_WEAK = YES;
				CLANG_WARN_BLOCK_CAPTURE_AUTORELEASING = YES;
				CLANG_WARN_BOOL_CONVERSION = YES;
				CLANG_WARN_COMMA = YES;
				CLANG_WARN_CONSTANT_CONVERSION = YES;
				CLANG_WARN_DEPRECATED_OBJC_IMPLEMENTATIONS = YES;
				CLANG_WARN_DIRECT_OBJC_ISA_USAGE = YES_ERROR;
				CLANG_WARN_DOCUMENTATION_COMMENTS = YES;
				CLANG_WARN_EMPTY_BODY = YES;
				CLANG_WARN_ENUM_CONVERSION = YES;
				CLANG_WARN_INFINITE_RECURSION = YES;
				CLANG_WARN_INT_CONVERSION = YES;
				CLANG_WARN_NON_LITERAL_NULL_CONVERSION = YES;
				CLANG_WARN_OBJC_IMPLICIT_RETAIN_SELF = YES;
				CLANG_WARN_OBJC_LITERAL_CONVERSION = YES;
				CLANG_WARN_OBJC_ROOT_CLASS = YES_ERROR;
				CLANG_WARN_QUOTED_INCLUDE_IN_FRAMEWORK_HEADER = YES;
				CLANG_WARN_RANGE_LOOP_ANALYSIS = YES;
				CLANG_WARN_STRICT_PROTOTYPES = YES;
				CLANG_WARN_SUSPICIOUS_MOVE = YES;
				CLANG_WARN_UNGUARDED_AVAILABILITY = YES_AGGRESSIVE;
				CLANG_WARN_UNREACHABLE_CODE = YES;
				CLANG_WARN__DUPLICATE_METHOD_MATCH = YES;
				COPY_PHASE_STRIP = NO;
				DEBUG_INFORMATION_FORMAT = dwarf;
				ENABLE_STRICT_OBJC_MSGSEND = YES;
				ENABLE_TESTABILITY = YES;
				GCC_C_LANGUAGE_STANDARD = gnu11;
				GCC_DYNAMIC_NO_PIC = NO;
				GCC_NO_COMMON_BLOCKS = YES;
				GCC_OPTIMIZATION_LEVEL = 0;
				GCC_PREPROCESSOR_DEFINITIONS = (
					"DEBUG=1",
					"$(inherited)",
				);
				GCC_WARN_64_TO_32_BIT_CONVERSION = YES;
				GCC_WARN_ABOUT_RETURN_TYPE = YES_ERROR;
				GCC_WARN_UNDECLARED_SELECTOR = YES;
				GCC_WARN_UNINITIALIZED_AUTOS = YES_AGGRESSIVE;
				GCC_WARN_UNUSED_FUNCTION = YES;
				GCC_WARN_UNUSED_VARIABLE = YES;
				IPHONEOS_DEPLOYMENT_TARGET = 15.2;
				MTL_ENABLE_DEBUG_INFO = INCLUDE_SOURCE;
				MTL_FAST_MATH = YES;
				ONLY_ACTIVE_ARCH = YES;
				SDKROOT = iphoneos;
				SWIFT_ACTIVE_COMPILATION_CONDITIONS = DEBUG;
				SWIFT_OPTIMIZATION_LEVEL = "-Onone";
			};
			name = Debug;
		};
		328CEB742818FBB700FD8DE6 /* Release */ = {
			isa = XCBuildConfiguration;
			buildSettings = {
				ALWAYS_SEARCH_USER_PATHS = NO;
				CLANG_ANALYZER_NONNULL = YES;
				CLANG_ANALYZER_NUMBER_OBJECT_CONVERSION = YES_AGGRESSIVE;
				CLANG_CXX_LANGUAGE_STANDARD = "gnu++17";
				CLANG_CXX_LIBRARY = "libc++";
				CLANG_ENABLE_MODULES = YES;
				CLANG_ENABLE_OBJC_ARC = YES;
				CLANG_ENABLE_OBJC_WEAK = YES;
				CLANG_WARN_BLOCK_CAPTURE_AUTORELEASING = YES;
				CLANG_WARN_BOOL_CONVERSION = YES;
				CLANG_WARN_COMMA = YES;
				CLANG_WARN_CONSTANT_CONVERSION = YES;
				CLANG_WARN_DEPRECATED_OBJC_IMPLEMENTATIONS = YES;
				CLANG_WARN_DIRECT_OBJC_ISA_USAGE = YES_ERROR;
				CLANG_WARN_DOCUMENTATION_COMMENTS = YES;
				CLANG_WARN_EMPTY_BODY = YES;
				CLANG_WARN_ENUM_CONVERSION = YES;
				CLANG_WARN_INFINITE_RECURSION = YES;
				CLANG_WARN_INT_CONVERSION = YES;
				CLANG_WARN_NON_LITERAL_NULL_CONVERSION = YES;
				CLANG_WARN_OBJC_IMPLICIT_RETAIN_SELF = YES;
				CLANG_WARN_OBJC_LITERAL_CONVERSION = YES;
				CLANG_WARN_OBJC_ROOT_CLASS = YES_ERROR;
				CLANG_WARN_QUOTED_INCLUDE_IN_FRAMEWORK_HEADER = YES;
				CLANG_WARN_RANGE_LOOP_ANALYSIS = YES;
				CLANG_WARN_STRICT_PROTOTYPES = YES;
				CLANG_WARN_SUSPICIOUS_MOVE = YES;
				CLANG_WARN_UNGUARDED_AVAILABILITY = YES_AGGRESSIVE;
				CLANG_WARN_UNREACHABLE_CODE = YES;
				CLANG_WARN__DUPLICATE_METHOD_MATCH = YES;
				COPY_PHASE_STRIP = NO;
				DEBUG_INFORMATION_FORMAT = "dwarf-with-dsym";
				ENABLE_NS_ASSERTIONS = NO;
				ENABLE_STRICT_OBJC_MSGSEND = YES;
				GCC_C_LANGUAGE_STANDARD = gnu11;
				GCC_NO_COMMON_BLOCKS = YES;
				GCC_WARN_64_TO_32_BIT_CONVERSION = YES;
				GCC_WARN_ABOUT_RETURN_TYPE = YES_ERROR;
				GCC_WARN_UNDECLARED_SELECTOR = YES;
				GCC_WARN_UNINITIALIZED_AUTOS = YES_AGGRESSIVE;
				GCC_WARN_UNUSED_FUNCTION = YES;
				GCC_WARN_UNUSED_VARIABLE = YES;
				IPHONEOS_DEPLOYMENT_TARGET = 15.2;
				MTL_ENABLE_DEBUG_INFO = NO;
				MTL_FAST_MATH = YES;
				SDKROOT = iphoneos;
				SWIFT_COMPILATION_MODE = wholemodule;
				SWIFT_OPTIMIZATION_LEVEL = "-O";
				VALIDATE_PRODUCT = YES;
			};
			name = Release;
		};
		328CEB762818FBB700FD8DE6 /* Debug */ = {
			isa = XCBuildConfiguration;
			buildSettings = {
				ASSETCATALOG_COMPILER_APPICON_NAME = AppIcon;
				ASSETCATALOG_COMPILER_GLOBAL_ACCENT_COLOR_NAME = AccentColor;
				CODE_SIGN_STYLE = Automatic;
				CURRENT_PROJECT_VERSION = 1;
				DEVELOPMENT_TEAM = QX95ZBX89A;
				GENERATE_INFOPLIST_FILE = YES;
				INFOPLIST_FILE = tumbuh/Info.plist;
				INFOPLIST_KEY_CFBundleDisplayName = Tumbuh;
				INFOPLIST_KEY_UIApplicationSupportsIndirectInputEvents = YES;
				INFOPLIST_KEY_UILaunchStoryboardName = LaunchScreen;
				INFOPLIST_KEY_UIMainStoryboardFile = Main;
				INFOPLIST_KEY_UISupportedInterfaceOrientations = UIInterfaceOrientationPortrait;
				INFOPLIST_KEY_UISupportedInterfaceOrientations_iPad = "UIInterfaceOrientationPortrait UIInterfaceOrientationPortraitUpsideDown UIInterfaceOrientationLandscapeLeft UIInterfaceOrientationLandscapeRight";
				INFOPLIST_KEY_UISupportedInterfaceOrientations_iPhone = "UIInterfaceOrientationPortrait UIInterfaceOrientationLandscapeLeft UIInterfaceOrientationLandscapeRight";
				LD_RUNPATH_SEARCH_PATHS = (
					"$(inherited)",
					"@executable_path/Frameworks",
				);
				MARKETING_VERSION = 1.0;
				PRODUCT_BUNDLE_IDENTIFIER = ada.tutorial.tumbuh;
				PRODUCT_NAME = "$(TARGET_NAME)";
				SWIFT_EMIT_LOC_STRINGS = YES;
				SWIFT_VERSION = 5.0;
				TARGETED_DEVICE_FAMILY = 1;
			};
			name = Debug;
		};
		328CEB772818FBB700FD8DE6 /* Release */ = {
			isa = XCBuildConfiguration;
			buildSettings = {
				ASSETCATALOG_COMPILER_APPICON_NAME = AppIcon;
				ASSETCATALOG_COMPILER_GLOBAL_ACCENT_COLOR_NAME = AccentColor;
				CODE_SIGN_STYLE = Automatic;
				CURRENT_PROJECT_VERSION = 1;
				DEVELOPMENT_TEAM = QX95ZBX89A;
				GENERATE_INFOPLIST_FILE = YES;
				INFOPLIST_FILE = tumbuh/Info.plist;
				INFOPLIST_KEY_CFBundleDisplayName = Tumbuh;
				INFOPLIST_KEY_UIApplicationSupportsIndirectInputEvents = YES;
				INFOPLIST_KEY_UILaunchStoryboardName = LaunchScreen;
				INFOPLIST_KEY_UIMainStoryboardFile = Main;
				INFOPLIST_KEY_UISupportedInterfaceOrientations = UIInterfaceOrientationPortrait;
				INFOPLIST_KEY_UISupportedInterfaceOrientations_iPad = "UIInterfaceOrientationPortrait UIInterfaceOrientationPortraitUpsideDown UIInterfaceOrientationLandscapeLeft UIInterfaceOrientationLandscapeRight";
				INFOPLIST_KEY_UISupportedInterfaceOrientations_iPhone = "UIInterfaceOrientationPortrait UIInterfaceOrientationLandscapeLeft UIInterfaceOrientationLandscapeRight";
				LD_RUNPATH_SEARCH_PATHS = (
					"$(inherited)",
					"@executable_path/Frameworks",
				);
				MARKETING_VERSION = 1.0;
				PRODUCT_BUNDLE_IDENTIFIER = ada.tutorial.tumbuh;
				PRODUCT_NAME = "$(TARGET_NAME)";
				SWIFT_EMIT_LOC_STRINGS = YES;
				SWIFT_VERSION = 5.0;
				TARGETED_DEVICE_FAMILY = 1;
			};
			name = Release;
		};
		328CEB792818FBB700FD8DE6 /* Debug */ = {
			isa = XCBuildConfiguration;
			buildSettings = {
				ALWAYS_EMBED_SWIFT_STANDARD_LIBRARIES = YES;
				BUNDLE_LOADER = "$(TEST_HOST)";
				CODE_SIGN_STYLE = Automatic;
				CURRENT_PROJECT_VERSION = 1;
				DEVELOPMENT_TEAM = QX95ZBX89A;
				GENERATE_INFOPLIST_FILE = YES;
				IPHONEOS_DEPLOYMENT_TARGET = 15.2;
				MARKETING_VERSION = 1.0;
				PRODUCT_BUNDLE_IDENTIFIER = ada.tutorial.tumbuhTests;
				PRODUCT_NAME = "$(TARGET_NAME)";
				SWIFT_EMIT_LOC_STRINGS = NO;
				SWIFT_VERSION = 5.0;
				TARGETED_DEVICE_FAMILY = "1,2";
				TEST_HOST = "$(BUILT_PRODUCTS_DIR)/tumbuh.app/tumbuh";
			};
			name = Debug;
		};
		328CEB7A2818FBB700FD8DE6 /* Release */ = {
			isa = XCBuildConfiguration;
			buildSettings = {
				ALWAYS_EMBED_SWIFT_STANDARD_LIBRARIES = YES;
				BUNDLE_LOADER = "$(TEST_HOST)";
				CODE_SIGN_STYLE = Automatic;
				CURRENT_PROJECT_VERSION = 1;
				DEVELOPMENT_TEAM = QX95ZBX89A;
				GENERATE_INFOPLIST_FILE = YES;
				IPHONEOS_DEPLOYMENT_TARGET = 15.2;
				MARKETING_VERSION = 1.0;
				PRODUCT_BUNDLE_IDENTIFIER = ada.tutorial.tumbuhTests;
				PRODUCT_NAME = "$(TARGET_NAME)";
				SWIFT_EMIT_LOC_STRINGS = NO;
				SWIFT_VERSION = 5.0;
				TARGETED_DEVICE_FAMILY = "1,2";
				TEST_HOST = "$(BUILT_PRODUCTS_DIR)/tumbuh.app/tumbuh";
			};
			name = Release;
		};
		328CEB7C2818FBB700FD8DE6 /* Debug */ = {
			isa = XCBuildConfiguration;
			buildSettings = {
				ALWAYS_EMBED_SWIFT_STANDARD_LIBRARIES = YES;
				CODE_SIGN_STYLE = Automatic;
				CURRENT_PROJECT_VERSION = 1;
				DEVELOPMENT_TEAM = QX95ZBX89A;
				GENERATE_INFOPLIST_FILE = YES;
				MARKETING_VERSION = 1.0;
				PRODUCT_BUNDLE_IDENTIFIER = ada.tutorial.tumbuhUITests;
				PRODUCT_NAME = "$(TARGET_NAME)";
				SWIFT_EMIT_LOC_STRINGS = NO;
				SWIFT_VERSION = 5.0;
				TARGETED_DEVICE_FAMILY = "1,2";
				TEST_TARGET_NAME = tumbuh;
			};
			name = Debug;
		};
		328CEB7D2818FBB700FD8DE6 /* Release */ = {
			isa = XCBuildConfiguration;
			buildSettings = {
				ALWAYS_EMBED_SWIFT_STANDARD_LIBRARIES = YES;
				CODE_SIGN_STYLE = Automatic;
				CURRENT_PROJECT_VERSION = 1;
				DEVELOPMENT_TEAM = QX95ZBX89A;
				GENERATE_INFOPLIST_FILE = YES;
				MARKETING_VERSION = 1.0;
				PRODUCT_BUNDLE_IDENTIFIER = ada.tutorial.tumbuhUITests;
				PRODUCT_NAME = "$(TARGET_NAME)";
				SWIFT_EMIT_LOC_STRINGS = NO;
				SWIFT_VERSION = 5.0;
				TARGETED_DEVICE_FAMILY = "1,2";
				TEST_TARGET_NAME = tumbuh;
			};
			name = Release;
		};
/* End XCBuildConfiguration section */

/* Begin XCConfigurationList section */
		328CEB432818FBB600FD8DE6 /* Build configuration list for PBXProject "tumbuh" */ = {
			isa = XCConfigurationList;
			buildConfigurations = (
				328CEB732818FBB700FD8DE6 /* Debug */,
				328CEB742818FBB700FD8DE6 /* Release */,
			);
			defaultConfigurationIsVisible = 0;
			defaultConfigurationName = Release;
		};
		328CEB752818FBB700FD8DE6 /* Build configuration list for PBXNativeTarget "tumbuh" */ = {
			isa = XCConfigurationList;
			buildConfigurations = (
				328CEB762818FBB700FD8DE6 /* Debug */,
				328CEB772818FBB700FD8DE6 /* Release */,
			);
			defaultConfigurationIsVisible = 0;
			defaultConfigurationName = Release;
		};
		328CEB782818FBB700FD8DE6 /* Build configuration list for PBXNativeTarget "tumbuhTests" */ = {
			isa = XCConfigurationList;
			buildConfigurations = (
				328CEB792818FBB700FD8DE6 /* Debug */,
				328CEB7A2818FBB700FD8DE6 /* Release */,
			);
			defaultConfigurationIsVisible = 0;
			defaultConfigurationName = Release;
		};
		328CEB7B2818FBB700FD8DE6 /* Build configuration list for PBXNativeTarget "tumbuhUITests" */ = {
			isa = XCConfigurationList;
			buildConfigurations = (
				328CEB7C2818FBB700FD8DE6 /* Debug */,
				328CEB7D2818FBB700FD8DE6 /* Release */,
			);
			defaultConfigurationIsVisible = 0;
			defaultConfigurationName = Release;
		};
/* End XCConfigurationList section */

/* Begin XCVersionGroup section */
		328CEB542818FBB600FD8DE6 /* tumbuh.xcdatamodeld */ = {
			isa = XCVersionGroup;
			children = (
				328CEB552818FBB600FD8DE6 /* tumbuh.xcdatamodel */,
			);
			currentVersion = 328CEB552818FBB600FD8DE6 /* tumbuh.xcdatamodel */;
			path = tumbuh.xcdatamodeld;
			sourceTree = "<group>";
			versionGroupType = wrapper.xcdatamodel;
		};
/* End XCVersionGroup section */
	};
	rootObject = 328CEB402818FBB600FD8DE6 /* Project object */;
}
